
Microsoft Visual Studio Solution File, Format Version 12.00
# Visual Studio Version 17
VisualStudioVersion = 17.7.34031.279
MinimumVisualStudioVersion = 10.0.40219.1
Project("{FAE04EC0-301F-11D3-BF4B-00C04F79EFBC}") = "October26", "October26\October26.csproj", "{04129ED6-1533-4B53-8CAD-4961378AF194}"
EndProject
Project("{FAE04EC0-301F-11D3-BF4B-00C04F79EFBC}") = "List", "List\List.csproj", "{372C6DC9-6032-4CC8-9FF2-FAC8DE047BDC}"
EndProject
Project("{FAE04EC0-301F-11D3-BF4B-00C04F79EFBC}") = "CustomCollection.List", "CustomCollection.List\CustomCollection.List.csproj", "{C4EA943D-B578-4166-A5C9-2D68978EA451}"
EndProject
Global
	GlobalSection(SolutionConfigurationPlatforms) = preSolution
		Debug|Any CPU = Debug|Any CPU
		Release|Any CPU = Release|Any CPU
	EndGlobalSection
	GlobalSection(ProjectConfigurationPlatforms) = postSolution
		{04129ED6-1533-4B53-8CAD-4961378AF194}.Debug|Any CPU.ActiveCfg = Debug|Any CPU
		{04129ED6-1533-4B53-8CAD-4961378AF194}.Debug|Any CPU.Build.0 = Debug|Any CPU
		{04129ED6-1533-4B53-8CAD-4961378AF194}.Release|Any CPU.ActiveCfg = Release|Any CPU
		{04129ED6-1533-4B53-8CAD-4961378AF194}.Release|Any CPU.Build.0 = Release|Any CPU
		{372C6DC9-6032-4CC8-9FF2-FAC8DE047BDC}.Debug|Any CPU.ActiveCfg = Debug|Any CPU
		{372C6DC9-6032-4CC8-9FF2-FAC8DE047BDC}.Debug|Any CPU.Build.0 = Debug|Any CPU
		{372C6DC9-6032-4CC8-9FF2-FAC8DE047BDC}.Release|Any CPU.ActiveCfg = Release|Any CPU
		{372C6DC9-6032-4CC8-9FF2-FAC8DE047BDC}.Release|Any CPU.Build.0 = Release|Any CPU
		{C4EA943D-B578-4166-A5C9-2D68978EA451}.Debug|Any CPU.ActiveCfg = Debug|Any CPU
		{C4EA943D-B578-4166-A5C9-2D68978EA451}.Debug|Any CPU.Build.0 = Debug|Any CPU
		{C4EA943D-B578-4166-A5C9-2D68978EA451}.Release|Any CPU.ActiveCfg = Release|Any CPU
		{C4EA943D-B578-4166-A5C9-2D68978EA451}.Release|Any CPU.Build.0 = Release|Any CPU
	EndGlobalSection
	GlobalSection(SolutionProperties) = preSolution
		HideSolutionNode = FALSE
	EndGlobalSection
	GlobalSection(ExtensibilityGlobals) = postSolution
		SolutionGuid = {27058626-F322-4BEE-950D-564A4BE77870}
	EndGlobalSection
EndGlobal
